{
  "lockfileVersion": 1,
  "workspaces": {
    "": {
      "name": "karabiner-config",
      "dependencies": {
        "karabiner.ts": "^1.16.0",
      },
      "devDependencies": {
        "@tsconfig/strictest": "^2.0.8",
        "@types/bun": "^1.3.14",
        "@types/node": "^20.0.0",
        "@typescript/native-preview": "^7.0.0-dev.20260614.1",
        "typescript": "^5.0.0",
      },
    },
  },
  "packages": {
    "@tsconfig/strictest": ["@tsconfig/strictest@2.0.8", "", {}, "sha512-XnQ7vNz5HRN0r88GYf1J9JJjqtZPiHt2woGJOo2dYqyHGGcd6OLGqSlBB6p1j9mpzja6Oe5BoPqWmeDx6X9rLw=="],

    "@types/bun": ["@types/bun@1.3.14", "", { "dependencies": { "bun-types": "1.3.14" } }, "sha512-h1hFqFVcvAvD9j9K7ZW7vd82aSA+rTdznZa+5bwvCwqSB1jmmfLcbIWhOLx1/+boy/xmjgCs/OMUL8hRJSmnPw=="],

    "@types/node": ["@types/node@20.19.43", "", { "dependencies": { "undici-types": "~6.21.0" } }, "sha512-6oYBAi5ikg4Pl+kGsoYtawUMBT2zZMCvPNF7pVLnHZfd1zf38DRiWn/gT01RYCdUqkv7Fhr+C9ot4/tb+2sVvA=="],

    "@typescript/native-preview": ["@typescript/native-preview@7.0.0-dev.20260614.1", "", { "optionalDependencies": { "@typescript/native-preview-darwin-arm64": "7.0.0-dev.20260614.1", "@typescript/native-preview-darwin-x64": "7.0.0-dev.20260614.1", "@typescript/native-preview-linux-arm": "7.0.0-dev.20260614.1", "@typescript/native-preview-linux-arm64": "7.0.0-dev.20260614.1", "@typescript/native-preview-linux-x64": "7.0.0-dev.20260614.1", "@typescript/native-preview-win32-arm64": "7.0.0-dev.20260614.1", "@typescript/native-preview-win32-x64": "7.0.0-dev.20260614.1" }, "bin": { "tsgo": "bin/tsgo.js" } }, "sha512-4N1ZBHJUcsjKJQnUCxKUemV3jnm0PKZIZ4xh7dXN/3/AfmckE8Z1llyqOFfDwGOf8oQpdgkwQ6JUm7pqI3bGPg=="],

    "@typescript/native-preview-darwin-arm64": ["@typescript/native-preview-darwin-arm64@7.0.0-dev.20260614.1", "", { "os": "darwin", "cpu": "arm64" }, "sha512-2JHbdJ00FKTKDR1+NL4zhQBDlFZfZHEXaAarV6kbEjV0P47qKnSrAzzKHuponG0B9FqkPEMHOgu7WGJTBW2rHw=="],

    "@typescript/native-preview-darwin-x64": ["@typescript/native-preview-darwin-x64@7.0.0-dev.20260614.1", "", { "os": "darwin", "cpu": "x64" }, "sha512-/8enyEb1tDsVvUp4rDeA5DernrvWgD6cQ4rY6O6PH6BQK8fqwY+CcHEHmw2xgwfqoswHNYjznLvmQmHBOjHqLw=="],

    "@typescript/native-preview-linux-arm": ["@typescript/native-preview-linux-arm@7.0.0-dev.20260614.1", "", { "os": "linux", "cpu": "arm" }, "sha512-zYrUKq5oC6fUoHpOmT3B65hFMhbdIlLp7T9RW1/6a+wSYoq9xTRAeFufQ2XZ9cpTJ1tfIvlUmtgJJ5CGE/cOrg=="],

    "@typescript/native-preview-linux-arm64": ["@typescript/native-preview-linux-arm64@7.0.0-dev.20260614.1", "", { "os": "linux", "cpu": "arm64" }, "sha512-jqhqAXqyEUxJpno/wRfWGa72R3VTt7p2LRTOFJ0C1bx5dEKrVosQSOdr2m9+2VhjXFXNvorXsGZPIWqxLOo28Q=="],

    "@typescript/native-preview-linux-x64": ["@typescript/native-preview-linux-x64@7.0.0-dev.20260614.1", "", { "os": "linux", "cpu": "x64" }, "sha512-K2c/DN7Q3a6Z+KIl7bq45xByuuGjacqWO/UPCa/iTBA/m6GDzoMJ/Q/DBLtLRHyROBRiy5kjgEZfyLy3Tp8ygw=="],

    "@typescript/native-preview-win32-arm64": ["@typescript/native-preview-win32-arm64@7.0.0-dev.20260614.1", "", { "os": "win32", "cpu": "arm64" }, "sha512-C+C25Grr4sCbQIYPT5WfKYIL613ZIN9aGcUwDGMSTmIQ3azIR5MtdkSF4l4vsOC4lF8HwFV83MDa28JuQYhQFg=="],

    "@typescript/native-preview-win32-x64": ["@typescript/native-preview-win32-x64@7.0.0-dev.20260614.1", "", { "os": "win32", "cpu": "x64" }, "sha512-nJBR61NGiCMBJOpdzJ4ZgA/HEd+fqIb99ur39UljSH9xvFKFlRwDosyAQFD8UEwrZsUbXN0VPLJY5MDknug3GA=="],

    "bun-types": ["bun-types@1.3.14", "", { "dependencies": { "@types/node": "*" } }, "sha512-4N0ig0fEomHt5R0KCFWjovxow98rIoRwKolrYdCcknNwMekCXRnWEUvgu5soYV8QXtVsrUD8B95MBOZGPvr6KQ=="],

    "karabiner.ts": ["karabiner.ts@1.38.0", "", {}, "sha512-ZF9fXZWoHuTbwasBj6LDUy4TP447x+onlWrjp5AMYMdJFXac+u832ut1tlhSDrpoy6n4sQzoOaS+3aytByzPRg=="],

    "typescript": ["typescript@5.9.3", "", { "bin": { "tsc": "bin/tsc", "tsserver": "bin/tsserver" } }, "sha512-jl1vZzPDinLr9eUt3J/t7V6FgNEw9QjvBPdysz9KfQDD41fQrC2Y4vKQdiaUpFT4bXlb1RHhLpp8wtm6M5TgSw=="],

    "undici-types": ["undici-types@6.21.0", "", {}, "sha512-iwDZqg0QAGrg9Rav5H4n0M64c3mkR59cJ6wQp+7C4nI0gsmExaedaYLNO44eT4AtBBwjbTiGPMlt2Md0T9H9JQ=="],
  }
}
